
Microsoft Visual Studio Solution File, Format Version 12.00
# Visual Studio Version 16
VisualStudioVersion = 16.0.33423.256
MinimumVisualStudioVersion = 10.0.40219.1
Project("{9A19103F-16F7-4668-BE54-9A1E7A4F7556}") = "SHUHealthApp.Server", "Server\SHUHealthApp.Server.csproj", "{FC0C5691-D42D-4570-86F5-8CD2390A14A4}"
EndProject
Project("{9A19103F-16F7-4668-BE54-9A1E7A4F7556}") = "SHUHealthApp.Client", "Client\SHUHealthApp.Client.csproj", "{AABA7E3D-9E16-496C-AD72-4CFF8E495B5F}"
EndProject
Project("{9A19103F-16F7-4668-BE54-9A1E7A4F7556}") = "SHUHealthApp.Shared", "Shared\SHUHealthApp.Shared.csproj", "{9C0E18CD-CBC5-4EC1-A1BD-F17F14CEC47E}"
EndProject
Global
	GlobalSection(SolutionConfigurationPlatforms) = preSolution
		Debug|Any CPU = Debug|Any CPU
		Release|Any CPU = Release|Any CPU
	EndGlobalSection
	GlobalSection(ProjectConfigurationPlatforms) = postSolution
		{FC0C5691-D42D-4570-86F5-8CD2390A14A4}.Debug|Any CPU.ActiveCfg = Debug|Any CPU
		{FC0C5691-D42D-4570-86F5-8CD2390A14A4}.Debug|Any CPU.Build.0 = Debug|Any CPU
		{FC0C5691-D42D-4570-86F5-8CD2390A14A4}.Release|Any CPU.ActiveCfg = Release|Any CPU
		{FC0C5691-D42D-4570-86F5-8CD2390A14A4}.Release|Any CPU.Build.0 = Release|Any CPU
		{AABA7E3D-9E16-496C-AD72-4CFF8E495B5F}.Debug|Any CPU.ActiveCfg = Debug|Any CPU
		{AABA7E3D-9E16-496C-AD72-4CFF8E495B5F}.Debug|Any CPU.Build.0 = Debug|Any CPU
		{AABA7E3D-9E16-496C-AD72-4CFF8E495B5F}.Release|Any CPU.ActiveCfg = Release|Any CPU
		{AABA7E3D-9E16-496C-AD72-4CFF8E495B5F}.Release|Any CPU.Build.0 = Release|Any CPU
		{9C0E18CD-CBC5-4EC1-A1BD-F17F14CEC47E}.Debug|Any CPU.ActiveCfg = Debug|Any CPU
		{9C0E18CD-CBC5-4EC1-A1BD-F17F14CEC47E}.Debug|Any CPU.Build.0 = Debug|Any CPU
		{9C0E18CD-CBC5-4EC1-A1BD-F17F14CEC47E}.Release|Any CPU.ActiveCfg = Release|Any CPU
		{9C0E18CD-CBC5-4EC1-A1BD-F17F14CEC47E}.Release|Any CPU.Build.0 = Release|Any CPU
	EndGlobalSection
	GlobalSection(SolutionProperties) = preSolution
		HideSolutionNode = FALSE
	EndGlobalSection
	GlobalSection(ExtensibilityGlobals) = postSolution
		SolutionGuid = {E44EA02C-9D6D-4F84-9363-5B9443A69D56}
	EndGlobalSection
EndGlobal
