
Microsoft Visual Studio Solution File, Format Version 12.00
# Visual Studio Version 17
VisualStudioVersion = 17.1.32210.238
MinimumVisualStudioVersion = 10.0.40219.1
Project("{FAE04EC0-301F-11D3-BF4B-00C04F79EFBC}") = "SHUHealthApp.Server", "SHUHealthApp\Server\SHUHealthApp.Server.csproj", "{90E0FB7B-BDB1-4FB0-9A38-2F2DC9F32602}"
EndProject
Project("{FAE04EC0-301F-11D3-BF4B-00C04F79EFBC}") = "SHUHealthApp.Client", "SHUHealthApp\Client\SHUHealthApp.Client.csproj", "{5E881C7D-BBFC-4256-99E6-53CF8F8A3E25}"
EndProject
Project("{FAE04EC0-301F-11D3-BF4B-00C04F79EFBC}") = "SHUHealthApp.Shared", "SHUHealthApp\Shared\SHUHealthApp.Shared.csproj", "{0871BB5B-526C-4231-A601-DCD6D7661DED}"
EndProject
Global
	GlobalSection(SolutionConfigurationPlatforms) = preSolution
		Debug|Any CPU = Debug|Any CPU
		Release|Any CPU = Release|Any CPU
	EndGlobalSection
	GlobalSection(ProjectConfigurationPlatforms) = postSolution
		{90E0FB7B-BDB1-4FB0-9A38-2F2DC9F32602}.Debug|Any CPU.ActiveCfg = Debug|Any CPU
		{90E0FB7B-BDB1-4FB0-9A38-2F2DC9F32602}.Debug|Any CPU.Build.0 = Debug|Any CPU
		{90E0FB7B-BDB1-4FB0-9A38-2F2DC9F32602}.Release|Any CPU.ActiveCfg = Release|Any CPU
		{90E0FB7B-BDB1-4FB0-9A38-2F2DC9F32602}.Release|Any CPU.Build.0 = Release|Any CPU
		{5E881C7D-BBFC-4256-99E6-53CF8F8A3E25}.Debug|Any CPU.ActiveCfg = Debug|Any CPU
		{5E881C7D-BBFC-4256-99E6-53CF8F8A3E25}.Debug|Any CPU.Build.0 = Debug|Any CPU
		{5E881C7D-BBFC-4256-99E6-53CF8F8A3E25}.Release|Any CPU.ActiveCfg = Release|Any CPU
		{5E881C7D-BBFC-4256-99E6-53CF8F8A3E25}.Release|Any CPU.Build.0 = Release|Any CPU
		{0871BB5B-526C-4231-A601-DCD6D7661DED}.Debug|Any CPU.ActiveCfg = Debug|Any CPU
		{0871BB5B-526C-4231-A601-DCD6D7661DED}.Debug|Any CPU.Build.0 = Debug|Any CPU
		{0871BB5B-526C-4231-A601-DCD6D7661DED}.Release|Any CPU.ActiveCfg = Release|Any CPU
		{0871BB5B-526C-4231-A601-DCD6D7661DED}.Release|Any CPU.Build.0 = Release|Any CPU
	EndGlobalSection
	GlobalSection(SolutionProperties) = preSolution
		HideSolutionNode = FALSE
	EndGlobalSection
	GlobalSection(ExtensibilityGlobals) = postSolution
		SolutionGuid = {3E11E364-5BC9-4047-9E28-67C14BC53D37}
	EndGlobalSection
EndGlobal
